{
  "name": "mm4i",
  "version": "1.0.0",
  "lockfileVersion": 3,
  "requires": true,
  "packages": {
    "": {
      "name": "mm4i",
      "version": "1.0.0",
      "dependencies": {
        "chalk": "^5.4.1",
        "etag": "^1.8.1",
        "ignore": "^7.0.5"
      },
      "devDependencies": {
        "@types/workbox-sw": "^4.3.7"
      }
    },
    "node_modules/@types/workbox-background-sync": {
      "version": "4.3.2",
      "resolved": "https://registry.npmjs.org/@types/workbox-background-sync/-/workbox-background-sync-4.3.2.tgz",
      "integrity": "sha512-WAp8TxDW8QAs6A2ns2NQlti5MVov/P0bN0TEUPYjhzVqzQa5VQSVSCUA03MLJFkb+kdqvqhcOwWlcbuIgepSsQ==",
      "dev": true,
      "license": "MIT",
      "dependencies": {
        "@types/workbox-core": "*"
      }
    },
    "node_modules/@types/workbox-broadcast-update": {
      "version": "4.3.1",
      "resolved": "https://registry.npmjs.org/@types/workbox-broadcast-update/-/workbox-broadcast-update-4.3.1.tgz",
      "integrity": "sha512-JAwv2fHu9pTMvu1wKSR5sanTAR6ne8jXBE/MYo4bDs7ipVqM9OZ+M9RO3aXtNXI7oh+8uWgPxHam/7OGZF8d4Q==",
      "dev": true,
      "license": "MIT",
      "dependencies": {
        "@types/workbox-core": "*"
      }
    },
    "node_modules/@types/workbox-build": {
      "version": "5.0.1",
      "resolved": "https://registry.npmjs.org/@types/workbox-build/-/workbox-build-5.0.1.tgz",
      "integrity": "sha512-lJrGzEHX/QT3E4F5ABBNvCb8ObOr2LfHNAqAGfRuBPncWlU/d3iIUorECKNXmnZnLbLsgpgvhJWPMgByzR+L+A==",
      "dev": true,
      "license": "MIT",
      "dependencies": {
        "@types/workbox-routing": "*"
      }
    },
    "node_modules/@types/workbox-cacheable-response": {
      "version": "4.3.1",
      "resolved": "https://registry.npmjs.org/@types/workbox-cacheable-response/-/workbox-cacheable-response-4.3.1.tgz",
      "integrity": "sha512-gXOrC5bBwjDu2R6mDFoY0HYhH6+IuaU00SvDDhSOAZSOjPwn8DLPZAQC58xZFLG+ShsvbQw/cT84uZouAdHz9A==",
      "dev": true,
      "license": "MIT",
      "dependencies": {
        "@types/workbox-core": "*"
      }
    },
    "node_modules/@types/workbox-core": {
      "version": "4.3.1",
      "resolved": "https://registry.npmjs.org/@types/workbox-core/-/workbox-core-4.3.1.tgz",
      "integrity": "sha512-KTXHNijPQ+LpEdS+MvSdFn+YBzdfoNzgWjkTy68WrByVrsVU0wzE9536fCBIZrbruaEUcmf50vY94crpF3Vong==",
      "dev": true,
      "license": "MIT"
    },
    "node_modules/@types/workbox-expiration": {
      "version": "4.3.1",
      "resolved": "https://registry.npmjs.org/@types/workbox-expiration/-/workbox-expiration-4.3.1.tgz",
      "integrity": "sha512-sIcKaG5KVN4OvvvdTk57Mdi49QwXPPMYv6ztc/0nGNvdczHUY5w/b4MZbR11ouEbc5PPKCMAawdu9KreMVmZ4g==",
      "dev": true,
      "license": "MIT",
      "dependencies": {
        "@types/workbox-core": "*"
      }
    },
    "node_modules/@types/workbox-google-analytics": {
      "version": "4.3.1",
      "resolved": "https://registry.npmjs.org/@types/workbox-google-analytics/-/workbox-google-analytics-4.3.1.tgz",
      "integrity": "sha512-qDPehZ8ewDbs0VBCbeAozvktz8pBNcF+NYIWrOzq9EwmpifvUoWpKU/iPTIZI7hph/74ROnFFS5clbmtIMfz7Q==",
      "dev": true,
      "license": "MIT"
    },
    "node_modules/@types/workbox-navigation-preload": {
      "version": "4.3.0",
      "resolved": "https://registry.npmjs.org/@types/workbox-navigation-preload/-/workbox-navigation-preload-4.3.0.tgz",
      "integrity": "sha512-yv4iMch2cM1rW2GTFjtEHAmUJfYtWnHENdR9TrjziO47czDSulLU/UzflmS/L9alQNP7GyHpegDWBJwtKad/Mg==",
      "dev": true,
      "license": "MIT"
    },
    "node_modules/@types/workbox-precaching": {
      "version": "4.3.1",
      "resolved": "https://registry.npmjs.org/@types/workbox-precaching/-/workbox-precaching-4.3.1.tgz",
      "integrity": "sha512-FDpEzz2iiArZkIhOANoU8WbL3EdvnzA+DZmtDLLgysRJB/iHPHhvzjyveRwfVQh7QOk3O+c5hINlnldVMEPb1g==",
      "dev": true,
      "license": "MIT",
      "dependencies": {
        "@types/workbox-core": "*"
      }
    },
    "node_modules/@types/workbox-range-requests": {
      "version": "4.3.0",
      "resolved": "https://registry.npmjs.org/@types/workbox-range-requests/-/workbox-range-requests-4.3.0.tgz",
      "integrity": "sha512-IlZcWZtGlpT4OhEdCdWeMkHHOO5yVwDqmuJq1WtgtjyIwm/mwwVPYGLVeVOE62m8sQ2L9Ziqfem2h9UmabBDmg==",
      "dev": true,
      "license": "MIT",
      "dependencies": {
        "@types/workbox-core": "*"
      }
    },
    "node_modules/@types/workbox-routing": {
      "version": "4.3.1",
      "resolved": "https://registry.npmjs.org/@types/workbox-routing/-/workbox-routing-4.3.1.tgz",
      "integrity": "sha512-2TYTiMcF6lMdMU36zUZPyQurpM8xso3Ad6XnFDdlSZowukoFy6pwZV+oT27z/jU1eaa+QgtPkdYFrS5KsJDMOQ==",
      "dev": true,
      "license": "MIT"
    },
    "node_modules/@types/workbox-strategies": {
      "version": "4.3.1",
      "resolved": "https://registry.npmjs.org/@types/workbox-strategies/-/workbox-strategies-4.3.1.tgz",
      "integrity": "sha512-jD3LwQpxIzaOThzj9OroMT8Ci9XAmAB5apSAv91WfYQ9jbRB0/+gsxuhLy+BQMERziU8w0hK24SOA/YZr0jhyw==",
      "dev": true,
      "license": "MIT",
      "dependencies": {
        "@types/workbox-core": "*",
        "@types/workbox-routing": "*"
      }
    },
    "node_modules/@types/workbox-streams": {
      "version": "4.3.0",
      "resolved": "https://registry.npmjs.org/@types/workbox-streams/-/workbox-streams-4.3.0.tgz",
      "integrity": "sha512-PYI7eAOQ9Dj/cu/WcROOfSsn29pC9gjCudK+hQBSWgAaxfHBmNFQGh7EvtZ3BzOJhjj3O0pEV5l6aA55oBRxBQ==",
      "dev": true,
      "license": "MIT",
      "dependencies": {
        "@types/workbox-routing": "*"
      }
    },
    "node_modules/@types/workbox-sw": {
      "version": "4.3.7",
      "resolved": "https://registry.npmjs.org/@types/workbox-sw/-/workbox-sw-4.3.7.tgz",
      "integrity": "sha512-hHuet6bQ3WmDBdaSfI/oFqhUzhHspxwGoV749BO649uyAlueLG0sX7wrqjhFhhZ6MYBYbWIeL2EmNX3bvZMOVw==",
      "dev": true,
      "license": "MIT",
      "dependencies": {
        "@types/workbox-background-sync": "^4.3.2",
        "@types/workbox-broadcast-update": "^4.3.1",
        "@types/workbox-build": "^5.0.1",
        "@types/workbox-cacheable-response": "^4.3.1",
        "@types/workbox-core": "^4.3.1",
        "@types/workbox-expiration": "^4.3.1",
        "@types/workbox-google-analytics": "^4.3.1",
        "@types/workbox-navigation-preload": "^4.3.0",
        "@types/workbox-precaching": "^4.3.1",
        "@types/workbox-range-requests": "^4.3.0",
        "@types/workbox-routing": "^4.3.1",
        "@types/workbox-strategies": "^4.3.1",
        "@types/workbox-streams": "^4.3.0"
      }
    },
    "node_modules/chalk": {
      "version": "5.6.2",
      "resolved": "https://registry.npmjs.org/chalk/-/chalk-5.6.2.tgz",
      "integrity": "sha512-7NzBL0rN6fMUW+f7A6Io4h40qQlG+xGmtMxfbnH/K7TAtt8JQWVQK+6g0UXKMeVJoyV5EkkNsErQ8pVD3bLHbA==",
      "license": "MIT",
      "engines": {
        "node": "^12.17.0 || ^14.13 || >=16.0.0"
      },
      "funding": {
        "url": "https://github.com/chalk/chalk?sponsor=1"
      }
    },
    "node_modules/etag": {
      "version": "1.8.1",
      "resolved": "https://registry.npmjs.org/etag/-/etag-1.8.1.tgz",
      "integrity": "sha512-aIL5Fx7mawVa300al2BnEE4iNvo1qETxLrPI/o05L7z6go7fCw1J6EQmbK4FmJ2AS7kgVF/KEZWufBfdClMcPg==",
      "license": "MIT",
      "engines": {
        "node": ">= 0.6"
      }
    },
    "node_modules/ignore": {
      "version": "7.0.5",
      "resolved": "https://registry.npmjs.org/ignore/-/ignore-7.0.5.tgz",
      "integrity": "sha512-Hs59xBNfUIunMFgWAbGX5cq6893IbWg4KnrjbYwX3tx0ztorVgTDA6B2sxf8ejHJ4wz8BqGUMYlnzNBer5NvGg==",
      "license": "MIT",
      "engines": {
        "node": ">= 4"
      }
    }
  }
}
